// !$*UTF8*$!
{
	archiveVersion = 1;
	classes = {
	};
	objectVersion = 56;
	objects = {

/* Begin PBXBuildFile section */
		3F5ADE452B9FBFA300E3FD44 /* .gitignore in Resources */ = {isa = PBXBuildFile; fileRef = 3F5ADE442B9FBFA300E3FD44 /* .gitignore */; };
		3FD342172B9FD12700796269 /* Poppins-Medium.ttf in Resources */ = {isa = PBXBuildFile; fileRef = 3FD342152B9FD12600796269 /* Poppins-Medium.ttf */; };
		3FD3421B2B9FD1FA00796269 /* Poppins-Bold.ttf in Resources */ = {isa = PBXBuildFile; fileRef = 3FD3421A2B9FD1FA00796269 /* Poppins-Bold.ttf */; };
		B231E5902B9689B0006B1C4A /* PulseApp.swift in Sources */ = {isa = PBXBuildFile; fileRef = B231E58F2B9689B0006B1C4A /* PulseApp.swift */; };
		B231E5922B9689B0006B1C4A /* ContentView.swift in Sources */ = {isa = PBXBuildFile; fileRef = B231E5912B9689B0006B1C4A /* ContentView.swift */; };
		B231E5942B9689B1006B1C4A /* Assets.xcassets in Resources */ = {isa = PBXBuildFile; fileRef = B231E5932B9689B1006B1C4A /* Assets.xcassets */; };
		B231E5972B9689B1006B1C4A /* Preview Assets.xcassets in Resources */ = {isa = PBXBuildFile; fileRef = B231E5962B9689B1006B1C4A /* Preview Assets.xcassets */; };
		B231E5A12B9689B1006B1C4A /* PulseTests.swift in Sources */ = {isa = PBXBuildFile; fileRef = B231E5A02B9689B1006B1C4A /* PulseTests.swift */; };
		B231E5AB2B9689B1006B1C4A /* PulseUITests.swift in Sources */ = {isa = PBXBuildFile; fileRef = B231E5AA2B9689B1006B1C4A /* PulseUITests.swift */; };
		B231E5AD2B9689B1006B1C4A /* PulseUITestsLaunchTests.swift in Sources */ = {isa = PBXBuildFile; fileRef = B231E5AC2B9689B1006B1C4A /* PulseUITestsLaunchTests.swift */; };
		B25605702BA1059B002EB406 /* FirebaseAnalytics in Frameworks */ = {isa = PBXBuildFile; productRef = B256056F2BA1059B002EB406 /* FirebaseAnalytics */; };
		B25605722BA1059B002EB406 /* FirebaseAnalyticsOnDeviceConversion in Frameworks */ = {isa = PBXBuildFile; productRef = B25605712BA1059B002EB406 /* FirebaseAnalyticsOnDeviceConversion */; };
		B25605742BA1059B002EB406 /* FirebaseAnalyticsSwift in Frameworks */ = {isa = PBXBuildFile; productRef = B25605732BA1059B002EB406 /* FirebaseAnalyticsSwift */; };
		B25605762BA1059B002EB406 /* FirebaseAnalyticsWithoutAdIdSupport in Frameworks */ = {isa = PBXBuildFile; productRef = B25605752BA1059B002EB406 /* FirebaseAnalyticsWithoutAdIdSupport */; };
		B25605782BA1059B002EB406 /* FirebaseAppCheck in Frameworks */ = {isa = PBXBuildFile; productRef = B25605772BA1059B002EB406 /* FirebaseAppCheck */; };
		B256057A2BA1059B002EB406 /* FirebaseAppDistribution-Beta in Frameworks */ = {isa = PBXBuildFile; productRef = B25605792BA1059B002EB406 /* FirebaseAppDistribution-Beta */; };
		B256057C2BA1059B002EB406 /* FirebaseAuth in Frameworks */ = {isa = PBXBuildFile; productRef = B256057B2BA1059B002EB406 /* FirebaseAuth */; };
		B256057E2BA1059B002EB406 /* FirebaseAuthCombine-Community in Frameworks */ = {isa = PBXBuildFile; productRef = B256057D2BA1059B002EB406 /* FirebaseAuthCombine-Community */; };
		B25605802BA1059B002EB406 /* FirebaseCrashlytics in Frameworks */ = {isa = PBXBuildFile; productRef = B256057F2BA1059B002EB406 /* FirebaseCrashlytics */; };
		B25605822BA1059B002EB406 /* FirebaseDatabase in Frameworks */ = {isa = PBXBuildFile; productRef = B25605812BA1059B002EB406 /* FirebaseDatabase */; };
		B25605842BA1059B002EB406 /* FirebaseDatabaseSwift in Frameworks */ = {isa = PBXBuildFile; productRef = B25605832BA1059B002EB406 /* FirebaseDatabaseSwift */; };
		B25605862BA1059B002EB406 /* FirebaseDynamicLinks in Frameworks */ = {isa = PBXBuildFile; productRef = B25605852BA1059B002EB406 /* FirebaseDynamicLinks */; };
		B25605882BA1059B002EB406 /* FirebaseFirestore in Frameworks */ = {isa = PBXBuildFile; productRef = B25605872BA1059B002EB406 /* FirebaseFirestore */; };
		B256058A2BA1059B002EB406 /* FirebaseFirestoreCombine-Community in Frameworks */ = {isa = PBXBuildFile; productRef = B25605892BA1059B002EB406 /* FirebaseFirestoreCombine-Community */; };
		B256058C2BA1059B002EB406 /* FirebaseFirestoreSwift in Frameworks */ = {isa = PBXBuildFile; productRef = B256058B2BA1059B002EB406 /* FirebaseFirestoreSwift */; };
		B256058E2BA1059B002EB406 /* FirebaseFunctions in Frameworks */ = {isa = PBXBuildFile; productRef = B256058D2BA1059B002EB406 /* FirebaseFunctions */; };
		B25605902BA1059B002EB406 /* FirebaseFunctionsCombine-Community in Frameworks */ = {isa = PBXBuildFile; productRef = B256058F2BA1059B002EB406 /* FirebaseFunctionsCombine-Community */; };
		B25605922BA1059B002EB406 /* FirebaseInAppMessaging-Beta in Frameworks */ = {isa = PBXBuildFile; productRef = B25605912BA1059B002EB406 /* FirebaseInAppMessaging-Beta */; };
		B25605942BA1059B002EB406 /* FirebaseInAppMessagingSwift-Beta in Frameworks */ = {isa = PBXBuildFile; productRef = B25605932BA1059B002EB406 /* FirebaseInAppMessagingSwift-Beta */; };
		B25605962BA1059B002EB406 /* FirebaseInstallations in Frameworks */ = {isa = PBXBuildFile; productRef = B25605952BA1059B002EB406 /* FirebaseInstallations */; };
		B25605982BA1059B002EB406 /* FirebaseMLModelDownloader in Frameworks */ = {isa = PBXBuildFile; productRef = B25605972BA1059B002EB406 /* FirebaseMLModelDownloader */; };
		B256059A2BA1059B002EB406 /* FirebaseMessaging in Frameworks */ = {isa = PBXBuildFile; productRef = B25605992BA1059B002EB406 /* FirebaseMessaging */; };
		B256059C2BA1059B002EB406 /* FirebasePerformance in Frameworks */ = {isa = PBXBuildFile; productRef = B256059B2BA1059B002EB406 /* FirebasePerformance */; };
		B256059E2BA1059B002EB406 /* FirebaseRemoteConfig in Frameworks */ = {isa = PBXBuildFile; productRef = B256059D2BA1059B002EB406 /* FirebaseRemoteConfig */; };
		B25605A02BA1059B002EB406 /* FirebaseRemoteConfigSwift in Frameworks */ = {isa = PBXBuildFile; productRef = B256059F2BA1059B002EB406 /* FirebaseRemoteConfigSwift */; };
		B25605A22BA1059B002EB406 /* FirebaseStorage in Frameworks */ = {isa = PBXBuildFile; productRef = B25605A12BA1059B002EB406 /* FirebaseStorage */; };
		B25605A42BA1059B002EB406 /* FirebaseStorageCombine-Community in Frameworks */ = {isa = PBXBuildFile; productRef = B25605A32BA1059B002EB406 /* FirebaseStorageCombine-Community */; };
		B25605A62BA105E5002EB406 /* SwiftUIView.swift in Sources */ = {isa = PBXBuildFile; fileRef = B25605A52BA105E5002EB406 /* SwiftUIView.swift */; };
		BA1FC6412BAA5A9E00E6B38F /* dashboard.swift in Sources */ = {isa = PBXBuildFile; fileRef = BA1FC6402BAA5A9E00E6B38F /* dashboard.swift */; };
		BA1FC6432BAA5ACA00E6B38F /* dashboard_extension.swift in Sources */ = {isa = PBXBuildFile; fileRef = BA1FC6422BAA5AC900E6B38F /* dashboard_extension.swift */; };
		BA1FC6452BAA5AE400E6B38F /* survey.swift in Sources */ = {isa = PBXBuildFile; fileRef = BA1FC6442BAA5AE400E6B38F /* survey.swift */; };
		BA1FC6472BAA5B2400E6B38F /* struct_dashboard.swift in Sources */ = {isa = PBXBuildFile; fileRef = BA1FC6462BAA5B2400E6B38F /* struct_dashboard.swift */; };
		FF2FECCA2BC3398D00B2249A /* HomeView1.swift in Sources */ = {isa = PBXBuildFile; fileRef = FF2FECC92BC3398D00B2249A /* HomeView1.swift */; };
		FF2FECCC2BC33A3D00B2249A /* GoogleService-Info.plist in Resources */ = {isa = PBXBuildFile; fileRef = FF2FECCB2BC33A3D00B2249A /* GoogleService-Info.plist */; };
		FF3B07CA2BAEBC46000366B3 /* AuthViewModel.swift in Sources */ = {isa = PBXBuildFile; fileRef = FF3B07C92BAEBC46000366B3 /* AuthViewModel.swift */; };
		FF6BFA382BC340B200DB7266 /* Comfortaa-Regular.ttf in Resources */ = {isa = PBXBuildFile; fileRef = FF6BFA362BC340B200DB7266 /* Comfortaa-Regular.ttf */; };
		FF6BFA392BC340B200DB7266 /* Comfortaa-Bold.ttf in Resources */ = {isa = PBXBuildFile; fileRef = FF6BFA372BC340B200DB7266 /* Comfortaa-Bold.ttf */; };
		FFBA0A3E2BA9212A0057F024 /* FirebaseFirestore.swift in Sources */ = {isa = PBXBuildFile; fileRef = FFBA0A3D2BA9212A0057F024 /* FirebaseFirestore.swift */; };
		FFBA0A402BA9225C0057F024 /* Classes.swift in Sources */ = {isa = PBXBuildFile; fileRef = FFBA0A3F2BA9225C0057F024 /* Classes.swift */; };
		FFBA0A462BA922CD0057F024 /* EditProfileStructs.swift in Sources */ = {isa = PBXBuildFile; fileRef = FFBA0A452BA922CD0057F024 /* EditProfileStructs.swift */; };
		FFBA0A4C2BA9230C0057F024 /* LoginStructs.swift in Sources */ = {isa = PBXBuildFile; fileRef = FFBA0A4B2BA9230C0057F024 /* LoginStructs.swift */; };
		FFBA0A4E2BA923180057F024 /* LoginView.swift in Sources */ = {isa = PBXBuildFile; fileRef = FFBA0A4D2BA923180057F024 /* LoginView.swift */; };
		FFBA0A502BA923290057F024 /* ProfileView.swift in Sources */ = {isa = PBXBuildFile; fileRef = FFBA0A4F2BA923290057F024 /* ProfileView.swift */; };
		FFBA0A562BA9238A0057F024 /* SignupView.swift in Sources */ = {isa = PBXBuildFile; fileRef = FFBA0A552BA9238A0057F024 /* SignupView.swift */; };
/* End PBXBuildFile section */

/* Begin PBXContainerItemProxy section */
		B231E59D2B9689B1006B1C4A /* PBXContainerItemProxy */ = {
			isa = PBXContainerItemProxy;
			containerPortal = B231E5842B9689B0006B1C4A /* Project object */;
			proxyType = 1;
			remoteGlobalIDString = B231E58B2B9689B0006B1C4A;
			remoteInfo = Pulse;
		};
		B231E5A72B9689B1006B1C4A /* PBXContainerItemProxy */ = {
			isa = PBXContainerItemProxy;
			containerPortal = B231E5842B9689B0006B1C4A /* Project object */;
			proxyType = 1;
			remoteGlobalIDString = B231E58B2B9689B0006B1C4A;
			remoteInfo = Pulse;
		};
/* End PBXContainerItemProxy section */

/* Begin PBXFileReference section */
		3F5ADE442B9FBFA300E3FD44 /* .gitignore */ = {isa = PBXFileReference; lastKnownFileType = text; path = .gitignore; sourceTree = "<group>"; };
		3FD342152B9FD12600796269 /* Poppins-Medium.ttf */ = {isa = PBXFileReference; lastKnownFileType = file; path = "Poppins-Medium.ttf"; sourceTree = "<group>"; };
		3FD342192B9FD13700796269 /* Info.plist */ = {isa = PBXFileReference; lastKnownFileType = text.plist; path = Info.plist; sourceTree = "<group>"; };
		3FD3421A2B9FD1FA00796269 /* Poppins-Bold.ttf */ = {isa = PBXFileReference; lastKnownFileType = file; path = "Poppins-Bold.ttf"; sourceTree = "<group>"; };
		B231E58C2B9689B0006B1C4A /* Pulse.app */ = {isa = PBXFileReference; explicitFileType = wrapper.application; includeInIndex = 0; path = Pulse.app; sourceTree = BUILT_PRODUCTS_DIR; };
		B231E58F2B9689B0006B1C4A /* PulseApp.swift */ = {isa = PBXFileReference; lastKnownFileType = sourcecode.swift; path = PulseApp.swift; sourceTree = "<group>"; };
		B231E5912B9689B0006B1C4A /* ContentView.swift */ = {isa = PBXFileReference; lastKnownFileType = sourcecode.swift; path = ContentView.swift; sourceTree = "<group>"; };
		B231E5932B9689B1006B1C4A /* Assets.xcassets */ = {isa = PBXFileReference; lastKnownFileType = folder.assetcatalog; path = Assets.xcassets; sourceTree = "<group>"; };
		B231E5962B9689B1006B1C4A /* Preview Assets.xcassets */ = {isa = PBXFileReference; lastKnownFileType = folder.assetcatalog; path = "Preview Assets.xcassets"; sourceTree = "<group>"; };
		B231E59C2B9689B1006B1C4A /* PulseTests.xctest */ = {isa = PBXFileReference; explicitFileType = wrapper.cfbundle; includeInIndex = 0; path = PulseTests.xctest; sourceTree = BUILT_PRODUCTS_DIR; };
		B231E5A02B9689B1006B1C4A /* PulseTests.swift */ = {isa = PBXFileReference; lastKnownFileType = sourcecode.swift; path = PulseTests.swift; sourceTree = "<group>"; };
		B231E5A62B9689B1006B1C4A /* PulseUITests.xctest */ = {isa = PBXFileReference; explicitFileType = wrapper.cfbundle; includeInIndex = 0; path = PulseUITests.xctest; sourceTree = BUILT_PRODUCTS_DIR; };
		B231E5AA2B9689B1006B1C4A /* PulseUITests.swift */ = {isa = PBXFileReference; lastKnownFileType = sourcecode.swift; path = PulseUITests.swift; sourceTree = "<group>"; };
		B231E5AC2B9689B1006B1C4A /* PulseUITestsLaunchTests.swift */ = {isa = PBXFileReference; lastKnownFileType = sourcecode.swift; path = PulseUITestsLaunchTests.swift; sourceTree = "<group>"; };
		B25605A52BA105E5002EB406 /* SwiftUIView.swift */ = {isa = PBXFileReference; lastKnownFileType = sourcecode.swift; path = SwiftUIView.swift; sourceTree = "<group>"; };
		BA1FC6402BAA5A9E00E6B38F /* dashboard.swift */ = {isa = PBXFileReference; lastKnownFileType = sourcecode.swift; path = dashboard.swift; sourceTree = "<group>"; };
		BA1FC6422BAA5AC900E6B38F /* dashboard_extension.swift */ = {isa = PBXFileReference; lastKnownFileType = sourcecode.swift; path = dashboard_extension.swift; sourceTree = "<group>"; };
		BA1FC6442BAA5AE400E6B38F /* survey.swift */ = {isa = PBXFileReference; lastKnownFileType = sourcecode.swift; path = survey.swift; sourceTree = "<group>"; };
		BA1FC6462BAA5B2400E6B38F /* struct_dashboard.swift */ = {isa = PBXFileReference; lastKnownFileType = sourcecode.swift; path = struct_dashboard.swift; sourceTree = "<group>"; };
		FF2FECC92BC3398D00B2249A /* HomeView1.swift */ = {isa = PBXFileReference; lastKnownFileType = sourcecode.swift; name = HomeView1.swift; path = ../HomeView1.swift; sourceTree = "<group>"; };
		FF2FECCB2BC33A3D00B2249A /* GoogleService-Info.plist */ = {isa = PBXFileReference; fileEncoding = 4; lastKnownFileType = text.plist.xml; path = "GoogleService-Info.plist"; sourceTree = "<group>"; };
		FF3B07C92BAEBC46000366B3 /* AuthViewModel.swift */ = {isa = PBXFileReference; lastKnownFileType = sourcecode.swift; path = AuthViewModel.swift; sourceTree = "<group>"; };
		FF3B07CB2BAED110000366B3 /* Pulse.entitlements */ = {isa = PBXFileReference; lastKnownFileType = text.plist.entitlements; path = Pulse.entitlements; sourceTree = "<group>"; };
		FF6BFA362BC340B200DB7266 /* Comfortaa-Regular.ttf */ = {isa = PBXFileReference; lastKnownFileType = file; name = "Comfortaa-Regular.ttf"; path = "../../../Downloads/Comfortaa/static/Comfortaa-Regular.ttf"; sourceTree = "<group>"; };
		FF6BFA372BC340B200DB7266 /* Comfortaa-Bold.ttf */ = {isa = PBXFileReference; lastKnownFileType = file; name = "Comfortaa-Bold.ttf"; path = "../../../Downloads/Comfortaa/static/Comfortaa-Bold.ttf"; sourceTree = "<group>"; };
		FFBA0A3D2BA9212A0057F024 /* FirebaseFirestore.swift */ = {isa = PBXFileReference; lastKnownFileType = sourcecode.swift; path = FirebaseFirestore.swift; sourceTree = "<group>"; };
		FFBA0A3F2BA9225C0057F024 /* Classes.swift */ = {isa = PBXFileReference; lastKnownFileType = sourcecode.swift; path = Classes.swift; sourceTree = "<group>"; };
		FFBA0A452BA922CD0057F024 /* EditProfileStructs.swift */ = {isa = PBXFileReference; lastKnownFileType = sourcecode.swift; path = EditProfileStructs.swift; sourceTree = "<group>"; };
		FFBA0A4B2BA9230C0057F024 /* LoginStructs.swift */ = {isa = PBXFileReference; lastKnownFileType = sourcecode.swift; path = LoginStructs.swift; sourceTree = "<group>"; };
		FFBA0A4D2BA923180057F024 /* LoginView.swift */ = {isa = PBXFileReference; lastKnownFileType = sourcecode.swift; path = LoginView.swift; sourceTree = "<group>"; };
		FFBA0A4F2BA923290057F024 /* ProfileView.swift */ = {isa = PBXFileReference; lastKnownFileType = sourcecode.swift; path = ProfileView.swift; sourceTree = "<group>"; };
		FFBA0A552BA9238A0057F024 /* SignupView.swift */ = {isa = PBXFileReference; lastKnownFileType = sourcecode.swift; path = SignupView.swift; sourceTree = "<group>"; };
/* End PBXFileReference section */

/* Begin PBXFrameworksBuildPhase section */
		B231E5892B9689B0006B1C4A /* Frameworks */ = {
			isa = PBXFrameworksBuildPhase;
			buildActionMask = 2147483647;
			files = (
				B25605822BA1059B002EB406 /* FirebaseDatabase in Frameworks */,
				B25605902BA1059B002EB406 /* FirebaseFunctionsCombine-Community in Frameworks */,
				B25605882BA1059B002EB406 /* FirebaseFirestore in Frameworks */,
				B25605742BA1059B002EB406 /* FirebaseAnalyticsSwift in Frameworks */,
				B25605702BA1059B002EB406 /* FirebaseAnalytics in Frameworks */,
				B25605722BA1059B002EB406 /* FirebaseAnalyticsOnDeviceConversion in Frameworks */,
				B25605982BA1059B002EB406 /* FirebaseMLModelDownloader in Frameworks */,
				B256058C2BA1059B002EB406 /* FirebaseFirestoreSwift in Frameworks */,
				B25605782BA1059B002EB406 /* FirebaseAppCheck in Frameworks */,
				B25605762BA1059B002EB406 /* FirebaseAnalyticsWithoutAdIdSupport in Frameworks */,
				B256057C2BA1059B002EB406 /* FirebaseAuth in Frameworks */,
				B25605802BA1059B002EB406 /* FirebaseCrashlytics in Frameworks */,
				B25605A02BA1059B002EB406 /* FirebaseRemoteConfigSwift in Frameworks */,
				B25605922BA1059B002EB406 /* FirebaseInAppMessaging-Beta in Frameworks */,
				B25605842BA1059B002EB406 /* FirebaseDatabaseSwift in Frameworks */,
				B256058E2BA1059B002EB406 /* FirebaseFunctions in Frameworks */,
				B25605A42BA1059B002EB406 /* FirebaseStorageCombine-Community in Frameworks */,
				B256059E2BA1059B002EB406 /* FirebaseRemoteConfig in Frameworks */,
				B256057A2BA1059B002EB406 /* FirebaseAppDistribution-Beta in Frameworks */,
				B256057E2BA1059B002EB406 /* FirebaseAuthCombine-Community in Frameworks */,
				B256059C2BA1059B002EB406 /* FirebasePerformance in Frameworks */,
				B25605942BA1059B002EB406 /* FirebaseInAppMessagingSwift-Beta in Frameworks */,
				B25605A22BA1059B002EB406 /* FirebaseStorage in Frameworks */,
				B25605862BA1059B002EB406 /* FirebaseDynamicLinks in Frameworks */,
				B256058A2BA1059B002EB406 /* FirebaseFirestoreCombine-Community in Frameworks */,
				B256059A2BA1059B002EB406 /* FirebaseMessaging in Frameworks */,
				B25605962BA1059B002EB406 /* FirebaseInstallations in Frameworks */,
			);
			runOnlyForDeploymentPostprocessing = 0;
		};
		B231E5992B9689B1006B1C4A /* Frameworks */ = {
			isa = PBXFrameworksBuildPhase;
			buildActionMask = 2147483647;
			files = (
			);
			runOnlyForDeploymentPostprocessing = 0;
		};
		B231E5A32B9689B1006B1C4A /* Frameworks */ = {
			isa = PBXFrameworksBuildPhase;
			buildActionMask = 2147483647;
			files = (
			);
			runOnlyForDeploymentPostprocessing = 0;
		};
/* End PBXFrameworksBuildPhase section */

/* Begin PBXGroup section */
		B231E5832B9689B0006B1C4A = {
			isa = PBXGroup;
			children = (
				3F5ADE442B9FBFA300E3FD44 /* .gitignore */,
				B231E58E2B9689B0006B1C4A /* Pulse */,
				B231E59F2B9689B1006B1C4A /* PulseTests */,
				B231E5A92B9689B1006B1C4A /* PulseUITests */,
				B231E58D2B9689B0006B1C4A /* Products */,
			);
			sourceTree = "<group>";
		};
		B231E58D2B9689B0006B1C4A /* Products */ = {
			isa = PBXGroup;
			children = (
				B231E58C2B9689B0006B1C4A /* Pulse.app */,
				B231E59C2B9689B1006B1C4A /* PulseTests.xctest */,
				B231E5A62B9689B1006B1C4A /* PulseUITests.xctest */,
			);
			name = Products;
			sourceTree = "<group>";
		};
		B231E58E2B9689B0006B1C4A /* Pulse */ = {
			isa = PBXGroup;
			children = (
				FF3B07CB2BAED110000366B3 /* Pulse.entitlements */,
				3FD342192B9FD13700796269 /* Info.plist */,
				3FD342152B9FD12600796269 /* Poppins-Medium.ttf */,
				3FD3421A2B9FD1FA00796269 /* Poppins-Bold.ttf */,
				FF6BFA372BC340B200DB7266 /* Comfortaa-Bold.ttf */,
				FF6BFA362BC340B200DB7266 /* Comfortaa-Regular.ttf */,
				FFBA0A3D2BA9212A0057F024 /* FirebaseFirestore.swift */,
				B231E58F2B9689B0006B1C4A /* PulseApp.swift */,
				FFBA0A4B2BA9230C0057F024 /* LoginStructs.swift */,
				BA1FC6402BAA5A9E00E6B38F /* dashboard.swift */,
				BA1FC6422BAA5AC900E6B38F /* dashboard_extension.swift */,
				BA1FC6442BAA5AE400E6B38F /* survey.swift */,
				BA1FC6462BAA5B2400E6B38F /* struct_dashboard.swift */,
				FFBA0A452BA922CD0057F024 /* EditProfileStructs.swift */,
				FFBA0A3F2BA9225C0057F024 /* Classes.swift */,
				FF3B07C92BAEBC46000366B3 /* AuthViewModel.swift */,
				FFBA0A552BA9238A0057F024 /* SignupView.swift */,
				FFBA0A4D2BA923180057F024 /* LoginView.swift */,
				B231E5912B9689B0006B1C4A /* ContentView.swift */,
				FFBA0A4F2BA923290057F024 /* ProfileView.swift */,
				FF2FECC92BC3398D00B2249A /* HomeView1.swift */,
				B231E5932B9689B1006B1C4A /* Assets.xcassets */,
				FF2FECCB2BC33A3D00B2249A /* GoogleService-Info.plist */,
				B231E5952B9689B1006B1C4A /* Preview Content */,
				B25605A52BA105E5002EB406 /* SwiftUIView.swift */,
			);
			path = Pulse;
			sourceTree = "<group>";
		};
		B231E5952B9689B1006B1C4A /* Preview Content */ = {
			isa = PBXGroup;
			children = (
				B231E5962B9689B1006B1C4A /* Preview Assets.xcassets */,
			);
			path = "Preview Content";
			sourceTree = "<group>";
		};
		B231E59F2B9689B1006B1C4A /* PulseTests */ = {
			isa = PBXGroup;
			children = (
				B231E5A02B9689B1006B1C4A /* PulseTests.swift */,
			);
			path = PulseTests;
			sourceTree = "<group>";
		};
		B231E5A92B9689B1006B1C4A /* PulseUITests */ = {
			isa = PBXGroup;
			children = (
				B231E5AA2B9689B1006B1C4A /* PulseUITests.swift */,
				B231E5AC2B9689B1006B1C4A /* PulseUITestsLaunchTests.swift */,
			);
			path = PulseUITests;
			sourceTree = "<group>";
		};
/* End PBXGroup section */

/* Begin PBXNativeTarget section */
		B231E58B2B9689B0006B1C4A /* Pulse */ = {
			isa = PBXNativeTarget;
			buildConfigurationList = B231E5B02B9689B1006B1C4A /* Build configuration list for PBXNativeTarget "Pulse" */;
			buildPhases = (
				B231E5882B9689B0006B1C4A /* Sources */,
				B231E5892B9689B0006B1C4A /* Frameworks */,
				B231E58A2B9689B0006B1C4A /* Resources */,
			);
			buildRules = (
			);
			dependencies = (
			);
			name = Pulse;
			packageProductDependencies = (
				B256056F2BA1059B002EB406 /* FirebaseAnalytics */,
				B25605712BA1059B002EB406 /* FirebaseAnalyticsOnDeviceConversion */,
				B25605732BA1059B002EB406 /* FirebaseAnalyticsSwift */,
				B25605752BA1059B002EB406 /* FirebaseAnalyticsWithoutAdIdSupport */,
				B25605772BA1059B002EB406 /* FirebaseAppCheck */,
				B25605792BA1059B002EB406 /* FirebaseAppDistribution-Beta */,
				B256057B2BA1059B002EB406 /* FirebaseAuth */,
				B256057D2BA1059B002EB406 /* FirebaseAuthCombine-Community */,
				B256057F2BA1059B002EB406 /* FirebaseCrashlytics */,
				B25605812BA1059B002EB406 /* FirebaseDatabase */,
				B25605832BA1059B002EB406 /* FirebaseDatabaseSwift */,
				B25605852BA1059B002EB406 /* FirebaseDynamicLinks */,
				B25605872BA1059B002EB406 /* FirebaseFirestore */,
				B25605892BA1059B002EB406 /* FirebaseFirestoreCombine-Community */,
				B256058B2BA1059B002EB406 /* FirebaseFirestoreSwift */,
				B256058D2BA1059B002EB406 /* FirebaseFunctions */,
				B256058F2BA1059B002EB406 /* FirebaseFunctionsCombine-Community */,
				B25605912BA1059B002EB406 /* FirebaseInAppMessaging-Beta */,
				B25605932BA1059B002EB406 /* FirebaseInAppMessagingSwift-Beta */,
				B25605952BA1059B002EB406 /* FirebaseInstallations */,
				B25605972BA1059B002EB406 /* FirebaseMLModelDownloader */,
				B25605992BA1059B002EB406 /* FirebaseMessaging */,
				B256059B2BA1059B002EB406 /* FirebasePerformance */,
				B256059D2BA1059B002EB406 /* FirebaseRemoteConfig */,
				B256059F2BA1059B002EB406 /* FirebaseRemoteConfigSwift */,
				B25605A12BA1059B002EB406 /* FirebaseStorage */,
				B25605A32BA1059B002EB406 /* FirebaseStorageCombine-Community */,
			);
			productName = Pulse;
			productReference = B231E58C2B9689B0006B1C4A /* Pulse.app */;
			productType = "com.apple.product-type.application";
		};
		B231E59B2B9689B1006B1C4A /* PulseTests */ = {
			isa = PBXNativeTarget;
			buildConfigurationList = B231E5B32B9689B1006B1C4A /* Build configuration list for PBXNativeTarget "PulseTests" */;
			buildPhases = (
				B231E5982B9689B1006B1C4A /* Sources */,
				B231E5992B9689B1006B1C4A /* Frameworks */,
				B231E59A2B9689B1006B1C4A /* Resources */,
			);
			buildRules = (
			);
			dependencies = (
				B231E59E2B9689B1006B1C4A /* PBXTargetDependency */,
			);
			name = PulseTests;
			productName = PulseTests;
			productReference = B231E59C2B9689B1006B1C4A /* PulseTests.xctest */;
			productType = "com.apple.product-type.bundle.unit-test";
		};
		B231E5A52B9689B1006B1C4A /* PulseUITests */ = {
			isa = PBXNativeTarget;
			buildConfigurationList = B231E5B62B9689B1006B1C4A /* Build configuration list for PBXNativeTarget "PulseUITests" */;
			buildPhases = (
				B231E5A22B9689B1006B1C4A /* Sources */,
				B231E5A32B9689B1006B1C4A /* Frameworks */,
				B231E5A42B9689B1006B1C4A /* Resources */,
			);
			buildRules = (
			);
			dependencies = (
				B231E5A82B9689B1006B1C4A /* PBXTargetDependency */,
			);
			name = PulseUITests;
			productName = PulseUITests;
			productReference = B231E5A62B9689B1006B1C4A /* PulseUITests.xctest */;
			productType = "com.apple.product-type.bundle.ui-testing";
		};
/* End PBXNativeTarget section */

/* Begin PBXProject section */
		B231E5842B9689B0006B1C4A /* Project object */ = {
			isa = PBXProject;
			attributes = {
				BuildIndependentTargetsInParallel = 1;
				LastSwiftUpdateCheck = 1500;
				LastUpgradeCheck = 1500;
				TargetAttributes = {
					B231E58B2B9689B0006B1C4A = {
						CreatedOnToolsVersion = 15.0;
					};
					B231E59B2B9689B1006B1C4A = {
						CreatedOnToolsVersion = 15.0;
						TestTargetID = B231E58B2B9689B0006B1C4A;
					};
					B231E5A52B9689B1006B1C4A = {
						CreatedOnToolsVersion = 15.0;
						TestTargetID = B231E58B2B9689B0006B1C4A;
					};
				};
			};
			buildConfigurationList = B231E5872B9689B0006B1C4A /* Build configuration list for PBXProject "Pulse" */;
			compatibilityVersion = "Xcode 14.0";
			developmentRegion = en;
			hasScannedForEncodings = 0;
			knownRegions = (
				en,
				Base,
			);
			mainGroup = B231E5832B9689B0006B1C4A;
			packageReferences = (
				B256056E2BA1059B002EB406 /* XCRemoteSwiftPackageReference "firebase-ios-sdk" */,
			);
			productRefGroup = B231E58D2B9689B0006B1C4A /* Products */;
			projectDirPath = "";
			projectRoot = "";
			targets = (
				B231E58B2B9689B0006B1C4A /* Pulse */,
				B231E59B2B9689B1006B1C4A /* PulseTests */,
				B231E5A52B9689B1006B1C4A /* PulseUITests */,
			);
		};
/* End PBXProject section */

/* Begin PBXResourcesBuildPhase section */
		B231E58A2B9689B0006B1C4A /* Resources */ = {
			isa = PBXResourcesBuildPhase;
			buildActionMask = 2147483647;
			files = (
				FF6BFA392BC340B200DB7266 /* Comfortaa-Bold.ttf in Resources */,
				B231E5972B9689B1006B1C4A /* Preview Assets.xcassets in Resources */,
				3FD342172B9FD12700796269 /* Poppins-Medium.ttf in Resources */,
				3FD3421B2B9FD1FA00796269 /* Poppins-Bold.ttf in Resources */,
				FF6BFA382BC340B200DB7266 /* Comfortaa-Regular.ttf in Resources */,
				3F5ADE452B9FBFA300E3FD44 /* .gitignore in Resources */,
				B231E5942B9689B1006B1C4A /* Assets.xcassets in Resources */,
				FF2FECCC2BC33A3D00B2249A /* GoogleService-Info.plist in Resources */,
			);
			runOnlyForDeploymentPostprocessing = 0;
		};
		B231E59A2B9689B1006B1C4A /* Resources */ = {
			isa = PBXResourcesBuildPhase;
			buildActionMask = 2147483647;
			files = (
			);
			runOnlyForDeploymentPostprocessing = 0;
		};
		B231E5A42B9689B1006B1C4A /* Resources */ = {
			isa = PBXResourcesBuildPhase;
			buildActionMask = 2147483647;
			files = (
			);
			runOnlyForDeploymentPostprocessing = 0;
		};
/* End PBXResourcesBuildPhase section */

/* Begin PBXSourcesBuildPhase section */
		B231E5882B9689B0006B1C4A /* Sources */ = {
			isa = PBXSourcesBuildPhase;
			buildActionMask = 2147483647;
			files = (
				BA1FC6472BAA5B2400E6B38F /* struct_dashboard.swift in Sources */,
				FFBA0A462BA922CD0057F024 /* EditProfileStructs.swift in Sources */,
				FF2FECCA2BC3398D00B2249A /* HomeView1.swift in Sources */,
				B25605A62BA105E5002EB406 /* SwiftUIView.swift in Sources */,
				FFBA0A562BA9238A0057F024 /* SignupView.swift in Sources */,
				FFBA0A4C2BA9230C0057F024 /* LoginStructs.swift in Sources */,
				FFBA0A3E2BA9212A0057F024 /* FirebaseFirestore.swift in Sources */,
				BA1FC6452BAA5AE400E6B38F /* survey.swift in Sources */,
				FFBA0A402BA9225C0057F024 /* Classes.swift in Sources */,
				B231E5922B9689B0006B1C4A /* ContentView.swift in Sources */,
				BA1FC6412BAA5A9E00E6B38F /* dashboard.swift in Sources */,
				FFBA0A4E2BA923180057F024 /* LoginView.swift in Sources */,
				BA1FC6432BAA5ACA00E6B38F /* dashboard_extension.swift in Sources */,
				FFBA0A502BA923290057F024 /* ProfileView.swift in Sources */,
				FF3B07CA2BAEBC46000366B3 /* AuthViewModel.swift in Sources */,
				B231E5902B9689B0006B1C4A /* PulseApp.swift in Sources */,
			);
			runOnlyForDeploymentPostprocessing = 0;
		};
		B231E5982B9689B1006B1C4A /* Sources */ = {
			isa = PBXSourcesBuildPhase;
			buildActionMask = 2147483647;
			files = (
				B231E5A12B9689B1006B1C4A /* PulseTests.swift in Sources */,
			);
			runOnlyForDeploymentPostprocessing = 0;
		};
		B231E5A22B9689B1006B1C4A /* Sources */ = {
			isa = PBXSourcesBuildPhase;
			buildActionMask = 2147483647;
			files = (
				B231E5AD2B9689B1006B1C4A /* PulseUITestsLaunchTests.swift in Sources */,
				B231E5AB2B9689B1006B1C4A /* PulseUITests.swift in Sources */,
			);
			runOnlyForDeploymentPostprocessing = 0;
		};
/* End PBXSourcesBuildPhase section */

/* Begin PBXTargetDependency section */
		B231E59E2B9689B1006B1C4A /* PBXTargetDependency */ = {
			isa = PBXTargetDependency;
			target = B231E58B2B9689B0006B1C4A /* Pulse */;
			targetProxy = B231E59D2B9689B1006B1C4A /* PBXContainerItemProxy */;
		};
		B231E5A82B9689B1006B1C4A /* PBXTargetDependency */ = {
			isa = PBXTargetDependency;
			target = B231E58B2B9689B0006B1C4A /* Pulse */;
			targetProxy = B231E5A72B9689B1006B1C4A /* PBXContainerItemProxy */;
		};
/* End PBXTargetDependency section */

/* Begin XCBuildConfiguration section */
		B231E5AE2B9689B1006B1C4A /* Debug */ = {
			isa = XCBuildConfiguration;
			buildSettings = {
				ALWAYS_SEARCH_USER_PATHS = NO;
				ASSETCATALOG_COMPILER_GENERATE_SWIFT_ASSET_SYMBOL_EXTENSIONS = YES;
				CLANG_ANALYZER_NONNULL = YES;
				CLANG_ANALYZER_NUMBER_OBJECT_CONVERSION = YES_AGGRESSIVE;
				CLANG_CXX_LANGUAGE_STANDARD = "gnu++20";
				CLANG_ENABLE_MODULES = YES;
				CLANG_ENABLE_OBJC_ARC = YES;
				CLANG_ENABLE_OBJC_WEAK = YES;
				CLANG_WARN_BLOCK_CAPTURE_AUTORELEASING = YES;
				CLANG_WARN_BOOL_CONVERSION = YES;
				CLANG_WARN_COMMA = YES;
				CLANG_WARN_CONSTANT_CONVERSION = YES;
				CLANG_WARN_DEPRECATED_OBJC_IMPLEMENTATIONS = YES;
				CLANG_WARN_DIRECT_OBJC_ISA_USAGE = YES_ERROR;
				CLANG_WARN_DOCUMENTATION_COMMENTS = YES;
				CLANG_WARN_EMPTY_BODY = YES;
				CLANG_WARN_ENUM_CONVERSION = YES;
				CLANG_WARN_INFINITE_RECURSION = YES;
				CLANG_WARN_INT_CONVERSION = YES;
				CLANG_WARN_NON_LITERAL_NULL_CONVERSION = YES;
				CLANG_WARN_OBJC_IMPLICIT_RETAIN_SELF = YES;
				CLANG_WARN_OBJC_LITERAL_CONVERSION = YES;
				CLANG_WARN_OBJC_ROOT_CLASS = YES_ERROR;
				CLANG_WARN_QUOTED_INCLUDE_IN_FRAMEWORK_HEADER = YES;
				CLANG_WARN_RANGE_LOOP_ANALYSIS = YES;
				CLANG_WARN_STRICT_PROTOTYPES = YES;
				CLANG_WARN_SUSPICIOUS_MOVE = YES;
				CLANG_WARN_UNGUARDED_AVAILABILITY = YES_AGGRESSIVE;
				CLANG_WARN_UNREACHABLE_CODE = YES;
				CLANG_WARN__DUPLICATE_METHOD_MATCH = YES;
				COPY_PHASE_STRIP = NO;
				DEBUG_INFORMATION_FORMAT = dwarf;
				ENABLE_STRICT_OBJC_MSGSEND = YES;
				ENABLE_TESTABILITY = YES;
				ENABLE_USER_SCRIPT_SANDBOXING = YES;
				GCC_C_LANGUAGE_STANDARD = gnu17;
				GCC_DYNAMIC_NO_PIC = NO;
				GCC_NO_COMMON_BLOCKS = YES;
				GCC_OPTIMIZATION_LEVEL = 0;
				GCC_PREPROCESSOR_DEFINITIONS = (
					"DEBUG=1",
					"$(inherited)",
				);
				GCC_WARN_64_TO_32_BIT_CONVERSION = YES;
				GCC_WARN_ABOUT_RETURN_TYPE = YES_ERROR;
				GCC_WARN_UNDECLARED_SELECTOR = YES;
				GCC_WARN_UNINITIALIZED_AUTOS = YES_AGGRESSIVE;
				GCC_WARN_UNUSED_FUNCTION = YES;
				GCC_WARN_UNUSED_VARIABLE = YES;
				IPHONEOS_DEPLOYMENT_TARGET = 17.0;
				LOCALIZATION_PREFERS_STRING_CATALOGS = YES;
				MTL_ENABLE_DEBUG_INFO = INCLUDE_SOURCE;
				MTL_FAST_MATH = YES;
				ONLY_ACTIVE_ARCH = YES;
				SDKROOT = iphoneos;
				SWIFT_ACTIVE_COMPILATION_CONDITIONS = "DEBUG $(inherited)";
				SWIFT_OPTIMIZATION_LEVEL = "-Onone";
			};
			name = Debug;
		};
		B231E5AF2B9689B1006B1C4A /* Release */ = {
			isa = XCBuildConfiguration;
			buildSettings = {
				ALWAYS_SEARCH_USER_PATHS = NO;
				ASSETCATALOG_COMPILER_GENERATE_SWIFT_ASSET_SYMBOL_EXTENSIONS = YES;
				CLANG_ANALYZER_NONNULL = YES;
				CLANG_ANALYZER_NUMBER_OBJECT_CONVERSION = YES_AGGRESSIVE;
				CLANG_CXX_LANGUAGE_STANDARD = "gnu++20";
				CLANG_ENABLE_MODULES = YES;
				CLANG_ENABLE_OBJC_ARC = YES;
				CLANG_ENABLE_OBJC_WEAK = YES;
				CLANG_WARN_BLOCK_CAPTURE_AUTORELEASING = YES;
				CLANG_WARN_BOOL_CONVERSION = YES;
				CLANG_WARN_COMMA = YES;
				CLANG_WARN_CONSTANT_CONVERSION = YES;
				CLANG_WARN_DEPRECATED_OBJC_IMPLEMENTATIONS = YES;
				CLANG_WARN_DIRECT_OBJC_ISA_USAGE = YES_ERROR;
				CLANG_WARN_DOCUMENTATION_COMMENTS = YES;
				CLANG_WARN_EMPTY_BODY = YES;
				CLANG_WARN_ENUM_CONVERSION = YES;
				CLANG_WARN_INFINITE_RECURSION = YES;
				CLANG_WARN_INT_CONVERSION = YES;
				CLANG_WARN_NON_LITERAL_NULL_CONVERSION = YES;
				CLANG_WARN_OBJC_IMPLICIT_RETAIN_SELF = YES;
				CLANG_WARN_OBJC_LITERAL_CONVERSION = YES;
				CLANG_WARN_OBJC_ROOT_CLASS = YES_ERROR;
				CLANG_WARN_QUOTED_INCLUDE_IN_FRAMEWORK_HEADER = YES;
				CLANG_WARN_RANGE_LOOP_ANALYSIS = YES;
				CLANG_WARN_STRICT_PROTOTYPES = YES;
				CLANG_WARN_SUSPICIOUS_MOVE = YES;
				CLANG_WARN_UNGUARDED_AVAILABILITY = YES_AGGRESSIVE;
				CLANG_WARN_UNREACHABLE_CODE = YES;
				CLANG_WARN__DUPLICATE_METHOD_MATCH = YES;
				COPY_PHASE_STRIP = NO;
				DEBUG_INFORMATION_FORMAT = "dwarf-with-dsym";
				ENABLE_NS_ASSERTIONS = NO;
				ENABLE_STRICT_OBJC_MSGSEND = YES;
				ENABLE_USER_SCRIPT_SANDBOXING = YES;
				GCC_C_LANGUAGE_STANDARD = gnu17;
				GCC_NO_COMMON_BLOCKS = YES;
				GCC_WARN_64_TO_32_BIT_CONVERSION = YES;
				GCC_WARN_ABOUT_RETURN_TYPE = YES_ERROR;
				GCC_WARN_UNDECLARED_SELECTOR = YES;
				GCC_WARN_UNINITIALIZED_AUTOS = YES_AGGRESSIVE;
				GCC_WARN_UNUSED_FUNCTION = YES;
				GCC_WARN_UNUSED_VARIABLE = YES;
				IPHONEOS_DEPLOYMENT_TARGET = 17.0;
				LOCALIZATION_PREFERS_STRING_CATALOGS = YES;
				MTL_ENABLE_DEBUG_INFO = NO;
				MTL_FAST_MATH = YES;
				SDKROOT = iphoneos;
				SWIFT_COMPILATION_MODE = wholemodule;
				VALIDATE_PRODUCT = YES;
			};
			name = Release;
		};
		B231E5B12B9689B1006B1C4A /* Debug */ = {
			isa = XCBuildConfiguration;
			buildSettings = {
				ASSETCATALOG_COMPILER_APPICON_NAME = AppIcon;
				ASSETCATALOG_COMPILER_GLOBAL_ACCENT_COLOR_NAME = AccentColor;
				CODE_SIGN_ENTITLEMENTS = Pulse/Pulse.entitlements;
				CODE_SIGN_STYLE = Automatic;
				CURRENT_PROJECT_VERSION = 1;
				DEVELOPMENT_ASSET_PATHS = "\"Pulse/Preview Content\"";
				ENABLE_PREVIEWS = YES;
				GENERATE_INFOPLIST_FILE = YES;
				INFOPLIST_FILE = Pulse/Info.plist;
				INFOPLIST_KEY_UIApplicationSceneManifest_Generation = YES;
				INFOPLIST_KEY_UIApplicationSupportsIndirectInputEvents = YES;
				INFOPLIST_KEY_UILaunchScreen_Generation = YES;
				INFOPLIST_KEY_UISupportedInterfaceOrientations_iPad = "UIInterfaceOrientationPortrait UIInterfaceOrientationPortraitUpsideDown UIInterfaceOrientationLandscapeLeft UIInterfaceOrientationLandscapeRight";
				INFOPLIST_KEY_UISupportedInterfaceOrientations_iPhone = "UIInterfaceOrientationPortrait UIInterfaceOrientationLandscapeLeft UIInterfaceOrientationLandscapeRight";
				LD_RUNPATH_SEARCH_PATHS = (
					"$(inherited)",
					"@executable_path/Frameworks",
				);
				MARKETING_VERSION = 1.0;
				PRODUCT_BUNDLE_IDENTIFIER = com.Litao.Pulse;
				PRODUCT_NAME = "$(TARGET_NAME)";
				SWIFT_EMIT_LOC_STRINGS = YES;
				SWIFT_VERSION = 5.0;
				TARGETED_DEVICE_FAMILY = "1,2";
			};
			name = Debug;
		};
		B231E5B22B9689B1006B1C4A /* Release */ = {
			isa = XCBuildConfiguration;
			buildSettings = {
				ASSETCATALOG_COMPILER_APPICON_NAME = AppIcon;
				ASSETCATALOG_COMPILER_GLOBAL_ACCENT_COLOR_NAME = AccentColor;
				CODE_SIGN_ENTITLEMENTS = Pulse/Pulse.entitlements;
				CODE_SIGN_STYLE = Automatic;
				CURRENT_PROJECT_VERSION = 1;
				DEVELOPMENT_ASSET_PATHS = "\"Pulse/Preview Content\"";
				ENABLE_PREVIEWS = YES;
				GENERATE_INFOPLIST_FILE = YES;
				INFOPLIST_FILE = Pulse/Info.plist;
				INFOPLIST_KEY_UIApplicationSceneManifest_Generation = YES;
				INFOPLIST_KEY_UIApplicationSupportsIndirectInputEvents = YES;
				INFOPLIST_KEY_UILaunchScreen_Generation = YES;
				INFOPLIST_KEY_UISupportedInterfaceOrientations_iPad = "UIInterfaceOrientationPortrait UIInterfaceOrientationPortraitUpsideDown UIInterfaceOrientationLandscapeLeft UIInterfaceOrientationLandscapeRight";
				INFOPLIST_KEY_UISupportedInterfaceOrientations_iPhone = "UIInterfaceOrientationPortrait UIInterfaceOrientationLandscapeLeft UIInterfaceOrientationLandscapeRight";
				LD_RUNPATH_SEARCH_PATHS = (
					"$(inherited)",
					"@executable_path/Frameworks",
				);
				MARKETING_VERSION = 1.0;
				PRODUCT_BUNDLE_IDENTIFIER = com.Litao.Pulse;
				PRODUCT_NAME = "$(TARGET_NAME)";
				SWIFT_EMIT_LOC_STRINGS = YES;
				SWIFT_VERSION = 5.0;
				TARGETED_DEVICE_FAMILY = "1,2";
			};
			name = Release;
		};
		B231E5B42B9689B1006B1C4A /* Debug */ = {
			isa = XCBuildConfiguration;
			buildSettings = {
				ALWAYS_EMBED_SWIFT_STANDARD_LIBRARIES = YES;
				BUNDLE_LOADER = "$(TEST_HOST)";
				CODE_SIGN_STYLE = Automatic;
				CURRENT_PROJECT_VERSION = 1;
				GENERATE_INFOPLIST_FILE = YES;
				IPHONEOS_DEPLOYMENT_TARGET = 17.0;
				MARKETING_VERSION = 1.0;
				PRODUCT_BUNDLE_IDENTIFIER = com.Litao.PulseTests;
				PRODUCT_NAME = "$(TARGET_NAME)";
				SWIFT_EMIT_LOC_STRINGS = NO;
				SWIFT_VERSION = 5.0;
				TARGETED_DEVICE_FAMILY = "1,2";
				TEST_HOST = "$(BUILT_PRODUCTS_DIR)/Pulse.app/$(BUNDLE_EXECUTABLE_FOLDER_PATH)/Pulse";
			};
			name = Debug;
		};
		B231E5B52B9689B1006B1C4A /* Release */ = {
			isa = XCBuildConfiguration;
			buildSettings = {
				ALWAYS_EMBED_SWIFT_STANDARD_LIBRARIES = YES;
				BUNDLE_LOADER = "$(TEST_HOST)";
				CODE_SIGN_STYLE = Automatic;
				CURRENT_PROJECT_VERSION = 1;
				GENERATE_INFOPLIST_FILE = YES;
				IPHONEOS_DEPLOYMENT_TARGET = 17.0;
				MARKETING_VERSION = 1.0;
				PRODUCT_BUNDLE_IDENTIFIER = com.Litao.PulseTests;
				PRODUCT_NAME = "$(TARGET_NAME)";
				SWIFT_EMIT_LOC_STRINGS = NO;
				SWIFT_VERSION = 5.0;
				TARGETED_DEVICE_FAMILY = "1,2";
				TEST_HOST = "$(BUILT_PRODUCTS_DIR)/Pulse.app/$(BUNDLE_EXECUTABLE_FOLDER_PATH)/Pulse";
			};
			name = Release;
		};
		B231E5B72B9689B1006B1C4A /* Debug */ = {
			isa = XCBuildConfiguration;
			buildSettings = {
				ALWAYS_EMBED_SWIFT_STANDARD_LIBRARIES = YES;
				CODE_SIGN_STYLE = Automatic;
				CURRENT_PROJECT_VERSION = 1;
				GENERATE_INFOPLIST_FILE = YES;
				MARKETING_VERSION = 1.0;
				PRODUCT_BUNDLE_IDENTIFIER = com.Litao.PulseUITests;
				PRODUCT_NAME = "$(TARGET_NAME)";
				SWIFT_EMIT_LOC_STRINGS = NO;
				SWIFT_VERSION = 5.0;
				TARGETED_DEVICE_FAMILY = "1,2";
				TEST_TARGET_NAME = Pulse;
			};
			name = Debug;
		};
		B231E5B82B9689B1006B1C4A /* Release */ = {
			isa = XCBuildConfiguration;
			buildSettings = {
				ALWAYS_EMBED_SWIFT_STANDARD_LIBRARIES = YES;
				CODE_SIGN_STYLE = Automatic;
				CURRENT_PROJECT_VERSION = 1;
				GENERATE_INFOPLIST_FILE = YES;
				MARKETING_VERSION = 1.0;
				PRODUCT_BUNDLE_IDENTIFIER = com.Litao.PulseUITests;
				PRODUCT_NAME = "$(TARGET_NAME)";
				SWIFT_EMIT_LOC_STRINGS = NO;
				SWIFT_VERSION = 5.0;
				TARGETED_DEVICE_FAMILY = "1,2";
				TEST_TARGET_NAME = Pulse;
			};
			name = Release;
		};
/* End XCBuildConfiguration section */

/* Begin XCConfigurationList section */
		B231E5872B9689B0006B1C4A /* Build configuration list for PBXProject "Pulse" */ = {
			isa = XCConfigurationList;
			buildConfigurations = (
				B231E5AE2B9689B1006B1C4A /* Debug */,
				B231E5AF2B9689B1006B1C4A /* Release */,
			);
			defaultConfigurationIsVisible = 0;
			defaultConfigurationName = Release;
		};
		B231E5B02B9689B1006B1C4A /* Build configuration list for PBXNativeTarget "Pulse" */ = {
			isa = XCConfigurationList;
			buildConfigurations = (
				B231E5B12B9689B1006B1C4A /* Debug */,
				B231E5B22B9689B1006B1C4A /* Release */,
			);
			defaultConfigurationIsVisible = 0;
			defaultConfigurationName = Release;
		};
		B231E5B32B9689B1006B1C4A /* Build configuration list for PBXNativeTarget "PulseTests" */ = {
			isa = XCConfigurationList;
			buildConfigurations = (
				B231E5B42B9689B1006B1C4A /* Debug */,
				B231E5B52B9689B1006B1C4A /* Release */,
			);
			defaultConfigurationIsVisible = 0;
			defaultConfigurationName = Release;
		};
		B231E5B62B9689B1006B1C4A /* Build configuration list for PBXNativeTarget "PulseUITests" */ = {
			isa = XCConfigurationList;
			buildConfigurations = (
				B231E5B72B9689B1006B1C4A /* Debug */,
				B231E5B82B9689B1006B1C4A /* Release */,
			);
			defaultConfigurationIsVisible = 0;
			defaultConfigurationName = Release;
		};
/* End XCConfigurationList section */

/* Begin XCRemoteSwiftPackageReference section */
		B256056E2BA1059B002EB406 /* XCRemoteSwiftPackageReference "firebase-ios-sdk" */ = {
			isa = XCRemoteSwiftPackageReference;
			repositoryURL = "https://github.com/firebase/firebase-ios-sdk";
			requirement = {
				kind = upToNextMajorVersion;
				minimumVersion = 10.22.1;
			};
		};
/* End XCRemoteSwiftPackageReference section */

/* Begin XCSwiftPackageProductDependency section */
		B256056F2BA1059B002EB406 /* FirebaseAnalytics */ = {
			isa = XCSwiftPackageProductDependency;
			package = B256056E2BA1059B002EB406 /* XCRemoteSwiftPackageReference "firebase-ios-sdk" */;
			productName = FirebaseAnalytics;
		};
		B25605712BA1059B002EB406 /* FirebaseAnalyticsOnDeviceConversion */ = {
			isa = XCSwiftPackageProductDependency;
			package = B256056E2BA1059B002EB406 /* XCRemoteSwiftPackageReference "firebase-ios-sdk" */;
			productName = FirebaseAnalyticsOnDeviceConversion;
		};
		B25605732BA1059B002EB406 /* FirebaseAnalyticsSwift */ = {
			isa = XCSwiftPackageProductDependency;
			package = B256056E2BA1059B002EB406 /* XCRemoteSwiftPackageReference "firebase-ios-sdk" */;
			productName = FirebaseAnalyticsSwift;
		};
		B25605752BA1059B002EB406 /* FirebaseAnalyticsWithoutAdIdSupport */ = {
			isa = XCSwiftPackageProductDependency;
			package = B256056E2BA1059B002EB406 /* XCRemoteSwiftPackageReference "firebase-ios-sdk" */;
			productName = FirebaseAnalyticsWithoutAdIdSupport;
		};
		B25605772BA1059B002EB406 /* FirebaseAppCheck */ = {
			isa = XCSwiftPackageProductDependency;
			package = B256056E2BA1059B002EB406 /* XCRemoteSwiftPackageReference "firebase-ios-sdk" */;
			productName = FirebaseAppCheck;
		};
		B25605792BA1059B002EB406 /* FirebaseAppDistribution-Beta */ = {
			isa = XCSwiftPackageProductDependency;
			package = B256056E2BA1059B002EB406 /* XCRemoteSwiftPackageReference "firebase-ios-sdk" */;
			productName = "FirebaseAppDistribution-Beta";
		};
		B256057B2BA1059B002EB406 /* FirebaseAuth */ = {
			isa = XCSwiftPackageProductDependency;
			package = B256056E2BA1059B002EB406 /* XCRemoteSwiftPackageReference "firebase-ios-sdk" */;
			productName = FirebaseAuth;
		};
		B256057D2BA1059B002EB406 /* FirebaseAuthCombine-Community */ = {
			isa = XCSwiftPackageProductDependency;
			package = B256056E2BA1059B002EB406 /* XCRemoteSwiftPackageReference "firebase-ios-sdk" */;
			productName = "FirebaseAuthCombine-Community";
		};
		B256057F2BA1059B002EB406 /* FirebaseCrashlytics */ = {
			isa = XCSwiftPackageProductDependency;
			package = B256056E2BA1059B002EB406 /* XCRemoteSwiftPackageReference "firebase-ios-sdk" */;
			productName = FirebaseCrashlytics;
		};
		B25605812BA1059B002EB406 /* FirebaseDatabase */ = {
			isa = XCSwiftPackageProductDependency;
			package = B256056E2BA1059B002EB406 /* XCRemoteSwiftPackageReference "firebase-ios-sdk" */;
			productName = FirebaseDatabase;
		};
		B25605832BA1059B002EB406 /* FirebaseDatabaseSwift */ = {
			isa = XCSwiftPackageProductDependency;
			package = B256056E2BA1059B002EB406 /* XCRemoteSwiftPackageReference "firebase-ios-sdk" */;
			productName = FirebaseDatabaseSwift;
		};
		B25605852BA1059B002EB406 /* FirebaseDynamicLinks */ = {
			isa = XCSwiftPackageProductDependency;
			package = B256056E2BA1059B002EB406 /* XCRemoteSwiftPackageReference "firebase-ios-sdk" */;
			productName = FirebaseDynamicLinks;
		};
		B25605872BA1059B002EB406 /* FirebaseFirestore */ = {
			isa = XCSwiftPackageProductDependency;
			package = B256056E2BA1059B002EB406 /* XCRemoteSwiftPackageReference "firebase-ios-sdk" */;
			productName = FirebaseFirestore;
		};
		B25605892BA1059B002EB406 /* FirebaseFirestoreCombine-Community */ = {
			isa = XCSwiftPackageProductDependency;
			package = B256056E2BA1059B002EB406 /* XCRemoteSwiftPackageReference "firebase-ios-sdk" */;
			productName = "FirebaseFirestoreCombine-Community";
		};
		B256058B2BA1059B002EB406 /* FirebaseFirestoreSwift */ = {
			isa = XCSwiftPackageProductDependency;
			package = B256056E2BA1059B002EB406 /* XCRemoteSwiftPackageReference "firebase-ios-sdk" */;
			productName = FirebaseFirestoreSwift;
		};
		B256058D2BA1059B002EB406 /* FirebaseFunctions */ = {
			isa = XCSwiftPackageProductDependency;
			package = B256056E2BA1059B002EB406 /* XCRemoteSwiftPackageReference "firebase-ios-sdk" */;
			productName = FirebaseFunctions;
		};
		B256058F2BA1059B002EB406 /* FirebaseFunctionsCombine-Community */ = {
			isa = XCSwiftPackageProductDependency;
			package = B256056E2BA1059B002EB406 /* XCRemoteSwiftPackageReference "firebase-ios-sdk" */;
			productName = "FirebaseFunctionsCombine-Community";
		};
		B25605912BA1059B002EB406 /* FirebaseInAppMessaging-Beta */ = {
			isa = XCSwiftPackageProductDependency;
			package = B256056E2BA1059B002EB406 /* XCRemoteSwiftPackageReference "firebase-ios-sdk" */;
			productName = "FirebaseInAppMessaging-Beta";
		};
		B25605932BA1059B002EB406 /* FirebaseInAppMessagingSwift-Beta */ = {
			isa = XCSwiftPackageProductDependency;
			package = B256056E2BA1059B002EB406 /* XCRemoteSwiftPackageReference "firebase-ios-sdk" */;
			productName = "FirebaseInAppMessagingSwift-Beta";
		};
		B25605952BA1059B002EB406 /* FirebaseInstallations */ = {
			isa = XCSwiftPackageProductDependency;
			package = B256056E2BA1059B002EB406 /* XCRemoteSwiftPackageReference "firebase-ios-sdk" */;
			productName = FirebaseInstallations;
		};
		B25605972BA1059B002EB406 /* FirebaseMLModelDownloader */ = {
			isa = XCSwiftPackageProductDependency;
			package = B256056E2BA1059B002EB406 /* XCRemoteSwiftPackageReference "firebase-ios-sdk" */;
			productName = FirebaseMLModelDownloader;
		};
		B25605992BA1059B002EB406 /* FirebaseMessaging */ = {
			isa = XCSwiftPackageProductDependency;
			package = B256056E2BA1059B002EB406 /* XCRemoteSwiftPackageReference "firebase-ios-sdk" */;
			productName = FirebaseMessaging;
		};
		B256059B2BA1059B002EB406 /* FirebasePerformance */ = {
			isa = XCSwiftPackageProductDependency;
			package = B256056E2BA1059B002EB406 /* XCRemoteSwiftPackageReference "firebase-ios-sdk" */;
			productName = FirebasePerformance;
		};
		B256059D2BA1059B002EB406 /* FirebaseRemoteConfig */ = {
			isa = XCSwiftPackageProductDependency;
			package = B256056E2BA1059B002EB406 /* XCRemoteSwiftPackageReference "firebase-ios-sdk" */;
			productName = FirebaseRemoteConfig;
		};
		B256059F2BA1059B002EB406 /* FirebaseRemoteConfigSwift */ = {
			isa = XCSwiftPackageProductDependency;
			package = B256056E2BA1059B002EB406 /* XCRemoteSwiftPackageReference "firebase-ios-sdk" */;
			productName = FirebaseRemoteConfigSwift;
		};
		B25605A12BA1059B002EB406 /* FirebaseStorage */ = {
			isa = XCSwiftPackageProductDependency;
			package = B256056E2BA1059B002EB406 /* XCRemoteSwiftPackageReference "firebase-ios-sdk" */;
			productName = FirebaseStorage;
		};
		B25605A32BA1059B002EB406 /* FirebaseStorageCombine-Community */ = {
			isa = XCSwiftPackageProductDependency;
			package = B256056E2BA1059B002EB406 /* XCRemoteSwiftPackageReference "firebase-ios-sdk" */;
			productName = "FirebaseStorageCombine-Community";
		};
/* End XCSwiftPackageProductDependency section */
	};
	rootObject = B231E5842B9689B0006B1C4A /* Project object */;
}
